# This file is automatically @generated by Cargo.
# It is not intended for manual editing.
version = 4

[[package]]
name = "async-rust"
version = "0.1.0"

[[package]]
name = "basics"
version = "0.1.0"

[[package]]
name = "closures"
version = "0.1.0"

[[package]]
name = "collections-iterators"
version = "0.1.0"

[[package]]
name = "concurrency"
version = "0.1.0"

[[package]]
name = "dataproc"
version = "0.1.0"

[[package]]
name = "error-handling"
version = "0.1.0"

[[package]]
name = "macros"
version = "0.1.0"

[[package]]
name = "minigrep"
version = "0.1.0"

[[package]]
name = "ownership"
version = "0.1.0"

[[package]]
name = "playground"
version = "0.1.0"

[[package]]
name = "py-vs-rs"
version = "0.1.0"

[[package]]
name = "raytracer"
version = "0.1.0"

[[package]]
name = "restapi"
version = "0.1.0"

[[package]]
name = "smart-pointers"
version = "0.1.0"

[[package]]
name = "structs-enums"
version = "0.1.0"

[[package]]
name = "toychain"
version = "0.1.0"

[[package]]
name = "traits-generics"
version = "0.1.0"

[[package]]
name = "tui-dash"
version = "0.1.0"

[[package]]
name = "unsafe-ffi"
version = "0.1.0"
